// !$*UTF8*$!
{
	archiveVersion = 1;
	classes = {
	};
	objectVersion = 56;
	objects = {

/* Begin PBXBuildFile section */
		8D8F270C2A0FF88F00E46EB8 /* ProfileView.swift in Sources */ = {isa = PBXBuildFile; fileRef = 8D8F270B2A0FF88F00E46EB8 /* ProfileView.swift */; };
		8D8F270F2A0FFEB200E46EB8 /* UserStatView.swift in Sources */ = {isa = PBXBuildFile; fileRef = 8D8F270E2A0FFEB200E46EB8 /* UserStatView.swift */; };
		8D8F27112A10029000E46EB8 /* FeedView.swift in Sources */ = {isa = PBXBuildFile; fileRef = 8D8F27102A10029000E46EB8 /* FeedView.swift */; };
		8D8F27132A10057100E46EB8 /* FeedCell.swift in Sources */ = {isa = PBXBuildFile; fileRef = 8D8F27122A10057100E46EB8 /* FeedCell.swift */; };
		8DC306E12A0F9FF1006B1450 /* MainTabView.swift in Sources */ = {isa = PBXBuildFile; fileRef = 8DC306E02A0F9FF1006B1450 /* MainTabView.swift */; };
		8DD9FBA52A0F9C9600197D99 /* InstagramCloneApp.swift in Sources */ = {isa = PBXBuildFile; fileRef = 8DD9FBA42A0F9C9600197D99 /* InstagramCloneApp.swift */; };
		8DD9FBA72A0F9C9600197D99 /* ContentView.swift in Sources */ = {isa = PBXBuildFile; fileRef = 8DD9FBA62A0F9C9600197D99 /* ContentView.swift */; };
		8DD9FBA92A0F9C9800197D99 /* Assets.xcassets in Resources */ = {isa = PBXBuildFile; fileRef = 8DD9FBA82A0F9C9800197D99 /* Assets.xcassets */; };
		8DD9FBAC2A0F9C9800197D99 /* Preview Assets.xcassets in Resources */ = {isa = PBXBuildFile; fileRef = 8DD9FBAB2A0F9C9800197D99 /* Preview Assets.xcassets */; };
/* End PBXBuildFile section */

/* Begin PBXFileReference section */
		8D8F270B2A0FF88F00E46EB8 /* ProfileView.swift */ = {isa = PBXFileReference; lastKnownFileType = sourcecode.swift; path = ProfileView.swift; sourceTree = "<group>"; };
		8D8F270E2A0FFEB200E46EB8 /* UserStatView.swift */ = {isa = PBXFileReference; lastKnownFileType = sourcecode.swift; path = UserStatView.swift; sourceTree = "<group>"; };
		8D8F27102A10029000E46EB8 /* FeedView.swift */ = {isa = PBXFileReference; lastKnownFileType = sourcecode.swift; path = FeedView.swift; sourceTree = "<group>"; };
		8D8F27122A10057100E46EB8 /* FeedCell.swift */ = {isa = PBXFileReference; lastKnownFileType = sourcecode.swift; path = FeedCell.swift; sourceTree = "<group>"; };
		8DC306E02A0F9FF1006B1450 /* MainTabView.swift */ = {isa = PBXFileReference; lastKnownFileType = sourcecode.swift; path = MainTabView.swift; sourceTree = "<group>"; };
		8DD9FBA12A0F9C9600197D99 /* InstagramClone.app */ = {isa = PBXFileReference; explicitFileType = wrapper.application; includeInIndex = 0; path = InstagramClone.app; sourceTree = BUILT_PRODUCTS_DIR; };
		8DD9FBA42A0F9C9600197D99 /* InstagramCloneApp.swift */ = {isa = PBXFileReference; lastKnownFileType = sourcecode.swift; path = InstagramCloneApp.swift; sourceTree = "<group>"; };
		8DD9FBA62A0F9C9600197D99 /* ContentView.swift */ = {isa = PBXFileReference; lastKnownFileType = sourcecode.swift; path = ContentView.swift; sourceTree = "<group>"; };
		8DD9FBA82A0F9C9800197D99 /* Assets.xcassets */ = {isa = PBXFileReference; lastKnownFileType = folder.assetcatalog; path = Assets.xcassets; sourceTree = "<group>"; };
		8DD9FBAB2A0F9C9800197D99 /* Preview Assets.xcassets */ = {isa = PBXFileReference; lastKnownFileType = folder.assetcatalog; path = "Preview Assets.xcassets"; sourceTree = "<group>"; };
/* End PBXFileReference section */

/* Begin PBXFrameworksBuildPhase section */
		8DD9FB9E2A0F9C9600197D99 /* Frameworks */ = {
			isa = PBXFrameworksBuildPhase;
			buildActionMask = 2147483647;
			files = (
			);
			runOnlyForDeploymentPostprocessing = 0;
		};
/* End PBXFrameworksBuildPhase section */

/* Begin PBXGroup section */
		8D8F270D2A0FFE9900E46EB8 /* Components */ = {
			isa = PBXGroup;
			children = (
				8D8F270E2A0FFEB200E46EB8 /* UserStatView.swift */,
			);
			path = Components;
			sourceTree = "<group>";
		};
		8DABABD32A0F9D430020714D /* App */ = {
			isa = PBXGroup;
			children = (
				8DD9FBA42A0F9C9600197D99 /* InstagramCloneApp.swift */,
			);
			path = App;
			sourceTree = "<group>";
		};
		8DABABD42A0F9D4E0020714D /* Core */ = {
			isa = PBXGroup;
			children = (
				8DABABDE2A0F9DE20020714D /* Authentication */,
				8D8F270D2A0FFE9900E46EB8 /* Components */,
				8DABABDC2A0F9DD70020714D /* Feed */,
				8DABABE12A0F9E040020714D /* Profile */,
				8DABABDB2A0F9DD30020714D /* Root */,
				8DABABDA2A0F9DCC0020714D /* Search */,
				8DABABDF2A0F9DEA0020714D /* TabBar */,
				8DABABE02A0F9DEF0020714D /* UploadPost */,
			);
			path = Core;
			sourceTree = "<group>";
		};
		8DABABD62A0F9D590020714D /* Extensions */ = {
			isa = PBXGroup;
			children = (
			);
			path = Extensions;
			sourceTree = "<group>";
		};
		8DABABD82A0F9D680020714D /* Model */ = {
			isa = PBXGroup;
			children = (
			);
			path = Model;
			sourceTree = "<group>";
		};
		8DABABD92A0F9D6E0020714D /* Services */ = {
			isa = PBXGroup;
			children = (
			);
			path = Services;
			sourceTree = "<group>";
		};
		8DABABDA2A0F9DCC0020714D /* Search */ = {
			isa = PBXGroup;
			children = (
			);
			path = Search;
			sourceTree = "<group>";
		};
		8DABABDB2A0F9DD30020714D /* Root */ = {
			isa = PBXGroup;
			children = (
			);
			path = Root;
			sourceTree = "<group>";
		};
		8DABABDC2A0F9DD70020714D /* Feed */ = {
			isa = PBXGroup;
			children = (
				8D8F27102A10029000E46EB8 /* FeedView.swift */,
				8D8F27122A10057100E46EB8 /* FeedCell.swift */,
			);
			path = Feed;
			sourceTree = "<group>";
		};
		8DABABDE2A0F9DE20020714D /* Authentication */ = {
			isa = PBXGroup;
			children = (
			);
			path = Authentication;
			sourceTree = "<group>";
		};
		8DABABDF2A0F9DEA0020714D /* TabBar */ = {
			isa = PBXGroup;
			children = (
				8DC306E02A0F9FF1006B1450 /* MainTabView.swift */,
			);
			path = TabBar;
			sourceTree = "<group>";
		};
		8DABABE02A0F9DEF0020714D /* UploadPost */ = {
			isa = PBXGroup;
			children = (
			);
			path = UploadPost;
			sourceTree = "<group>";
		};
		8DABABE12A0F9E040020714D /* Profile */ = {
			isa = PBXGroup;
			children = (
				8D8F270B2A0FF88F00E46EB8 /* ProfileView.swift */,
			);
			path = Profile;
			sourceTree = "<group>";
		};
		8DD9FB982A0F9C9600197D99 = {
			isa = PBXGroup;
			children = (
				8DD9FBA32A0F9C9600197D99 /* InstagramClone */,
				8DD9FBA22A0F9C9600197D99 /* Products */,
			);
			sourceTree = "<group>";
		};
		8DD9FBA22A0F9C9600197D99 /* Products */ = {
			isa = PBXGroup;
			children = (
				8DD9FBA12A0F9C9600197D99 /* InstagramClone.app */,
			);
			name = Products;
			sourceTree = "<group>";
		};
		8DD9FBA32A0F9C9600197D99 /* InstagramClone */ = {
			isa = PBXGroup;
			children = (
				8DABABD32A0F9D430020714D /* App */,
				8DABABD42A0F9D4E0020714D /* Core */,
				8DABABD62A0F9D590020714D /* Extensions */,
				8DABABD82A0F9D680020714D /* Model */,
				8DABABD92A0F9D6E0020714D /* Services */,
				8DD9FBA82A0F9C9800197D99 /* Assets.xcassets */,
				8DD9FBA62A0F9C9600197D99 /* ContentView.swift */,
				8DD9FBAA2A0F9C9800197D99 /* Preview Content */,
			);
			path = InstagramClone;
			sourceTree = "<group>";
		};
		8DD9FBAA2A0F9C9800197D99 /* Preview Content */ = {
			isa = PBXGroup;
			children = (
				8DD9FBAB2A0F9C9800197D99 /* Preview Assets.xcassets */,
			);
			path = "Preview Content";
			sourceTree = "<group>";
		};
/* End PBXGroup section */

/* Begin PBXNativeTarget section */
		8DD9FBA02A0F9C9600197D99 /* InstagramClone */ = {
			isa = PBXNativeTarget;
			buildConfigurationList = 8DD9FBAF2A0F9C9800197D99 /* Build configuration list for PBXNativeTarget "InstagramClone" */;
			buildPhases = (
				8DD9FB9D2A0F9C9600197D99 /* Sources */,
				8DD9FB9E2A0F9C9600197D99 /* Frameworks */,
				8DD9FB9F2A0F9C9600197D99 /* Resources */,
			);
			buildRules = (
			);
			dependencies = (
			);
			name = InstagramClone;
			productName = InstagramClone;
			productReference = 8DD9FBA12A0F9C9600197D99 /* InstagramClone.app */;
			productType = "com.apple.product-type.application";
		};
/* End PBXNativeTarget section */

/* Begin PBXProject section */
		8DD9FB992A0F9C9600197D99 /* Project object */ = {
			isa = PBXProject;
			attributes = {
				BuildIndependentTargetsInParallel = 1;
				LastSwiftUpdateCheck = 1430;
				LastUpgradeCheck = 1430;
				TargetAttributes = {
					8DD9FBA02A0F9C9600197D99 = {
						CreatedOnToolsVersion = 14.3;
					};
				};
			};
			buildConfigurationList = 8DD9FB9C2A0F9C9600197D99 /* Build configuration list for PBXProject "InstagramClone" */;
			compatibilityVersion = "Xcode 14.0";
			developmentRegion = en;
			hasScannedForEncodings = 0;
			knownRegions = (
				en,
				Base,
			);
			mainGroup = 8DD9FB982A0F9C9600197D99;
			productRefGroup = 8DD9FBA22A0F9C9600197D99 /* Products */;
			projectDirPath = "";
			projectRoot = "";
			targets = (
				8DD9FBA02A0F9C9600197D99 /* InstagramClone */,
			);
		};
/* End PBXProject section */

/* Begin PBXResourcesBuildPhase section */
		8DD9FB9F2A0F9C9600197D99 /* Resources */ = {
			isa = PBXResourcesBuildPhase;
			buildActionMask = 2147483647;
			files = (
				8DD9FBAC2A0F9C9800197D99 /* Preview Assets.xcassets in Resources */,
				8DD9FBA92A0F9C9800197D99 /* Assets.xcassets in Resources */,
			);
			runOnlyForDeploymentPostprocessing = 0;
		};
/* End PBXResourcesBuildPhase section */

/* Begin PBXSourcesBuildPhase section */
		8DD9FB9D2A0F9C9600197D99 /* Sources */ = {
			isa = PBXSourcesBuildPhase;
			buildActionMask = 2147483647;
			files = (
				8D8F27132A10057100E46EB8 /* FeedCell.swift in Sources */,
				8D8F270C2A0FF88F00E46EB8 /* ProfileView.swift in Sources */,
				8DD9FBA72A0F9C9600197D99 /* ContentView.swift in Sources */,
				8DD9FBA52A0F9C9600197D99 /* InstagramCloneApp.swift in Sources */,
				8DC306E12A0F9FF1006B1450 /* MainTabView.swift in Sources */,
				8D8F27112A10029000E46EB8 /* FeedView.swift in Sources */,
				8D8F270F2A0FFEB200E46EB8 /* UserStatView.swift in Sources */,
			);
			runOnlyForDeploymentPostprocessing = 0;
		};
/* End PBXSourcesBuildPhase section */

/* Begin XCBuildConfiguration section */
		8DD9FBAD2A0F9C9800197D99 /* Debug */ = {
			isa = XCBuildConfiguration;
			buildSettings = {
				ALWAYS_SEARCH_USER_PATHS = NO;
				CLANG_ANALYZER_NONNULL = YES;
				CLANG_ANALYZER_NUMBER_OBJECT_CONVERSION = YES_AGGRESSIVE;
				CLANG_CXX_LANGUAGE_STANDARD = "gnu++20";
				CLANG_ENABLE_MODULES = YES;
				CLANG_ENABLE_OBJC_ARC = YES;
				CLANG_ENABLE_OBJC_WEAK = YES;
				CLANG_WARN_BLOCK_CAPTURE_AUTORELEASING = YES;
				CLANG_WARN_BOOL_CONVERSION = YES;
				CLANG_WARN_COMMA = YES;
				CLANG_WARN_CONSTANT_CONVERSION = YES;
				CLANG_WARN_DEPRECATED_OBJC_IMPLEMENTATIONS = YES;
				CLANG_WARN_DIRECT_OBJC_ISA_USAGE = YES_ERROR;
				CLANG_WARN_DOCUMENTATION_COMMENTS = YES;
				CLANG_WARN_EMPTY_BODY = YES;
				CLANG_WARN_ENUM_CONVERSION = YES;
				CLANG_WARN_INFINITE_RECURSION = YES;
				CLANG_WARN_INT_CONVERSION = YES;
				CLANG_WARN_NON_LITERAL_NULL_CONVERSION = YES;
				CLANG_WARN_OBJC_IMPLICIT_RETAIN_SELF = YES;
				CLANG_WARN_OBJC_LITERAL_CONVERSION = YES;
				CLANG_WARN_OBJC_ROOT_CLASS = YES_ERROR;
				CLANG_WARN_QUOTED_INCLUDE_IN_FRAMEWORK_HEADER = YES;
				CLANG_WARN_RANGE_LOOP_ANALYSIS = YES;
				CLANG_WARN_STRICT_PROTOTYPES = YES;
				CLANG_WARN_SUSPICIOUS_MOVE = YES;
				CLANG_WARN_UNGUARDED_AVAILABILITY = YES_AGGRESSIVE;
				CLANG_WARN_UNREACHABLE_CODE = YES;
				CLANG_WARN__DUPLICATE_METHOD_MATCH = YES;
				COPY_PHASE_STRIP = NO;
				DEBUG_INFORMATION_FORMAT = dwarf;
				ENABLE_STRICT_OBJC_MSGSEND = YES;
				ENABLE_TESTABILITY = YES;
				GCC_C_LANGUAGE_STANDARD = gnu11;
				GCC_DYNAMIC_NO_PIC = NO;
				GCC_NO_COMMON_BLOCKS = YES;
				GCC_OPTIMIZATION_LEVEL = 0;
				GCC_PREPROCESSOR_DEFINITIONS = (
					"DEBUG=1",
					"$(inherited)",
				);
				GCC_WARN_64_TO_32_BIT_CONVERSION = YES;
				GCC_WARN_ABOUT_RETURN_TYPE = YES_ERROR;
				GCC_WARN_UNDECLARED_SELECTOR = YES;
				GCC_WARN_UNINITIALIZED_AUTOS = YES_AGGRESSIVE;
				GCC_WARN_UNUSED_FUNCTION = YES;
				GCC_WARN_UNUSED_VARIABLE = YES;
				IPHONEOS_DEPLOYMENT_TARGET = 16.4;
				MTL_ENABLE_DEBUG_INFO = INCLUDE_SOURCE;
				MTL_FAST_MATH = YES;
				ONLY_ACTIVE_ARCH = YES;
				SDKROOT = iphoneos;
				SWIFT_ACTIVE_COMPILATION_CONDITIONS = DEBUG;
				SWIFT_OPTIMIZATION_LEVEL = "-Onone";
			};
			name = Debug;
		};
		8DD9FBAE2A0F9C9800197D99 /* Release */ = {
			isa = XCBuildConfiguration;
			buildSettings = {
				ALWAYS_SEARCH_USER_PATHS = NO;
				CLANG_ANALYZER_NONNULL = YES;
				CLANG_ANALYZER_NUMBER_OBJECT_CONVERSION = YES_AGGRESSIVE;
				CLANG_CXX_LANGUAGE_STANDARD = "gnu++20";
				CLANG_ENABLE_MODULES = YES;
				CLANG_ENABLE_OBJC_ARC = YES;
				CLANG_ENABLE_OBJC_WEAK = YES;
				CLANG_WARN_BLOCK_CAPTURE_AUTORELEASING = YES;
				CLANG_WARN_BOOL_CONVERSION = YES;
				CLANG_WARN_COMMA = YES;
				CLANG_WARN_CONSTANT_CONVERSION = YES;
				CLANG_WARN_DEPRECATED_OBJC_IMPLEMENTATIONS = YES;
				CLANG_WARN_DIRECT_OBJC_ISA_USAGE = YES_ERROR;
				CLANG_WARN_DOCUMENTATION_COMMENTS = YES;
				CLANG_WARN_EMPTY_BODY = YES;
				CLANG_WARN_ENUM_CONVERSION = YES;
				CLANG_WARN_INFINITE_RECURSION = YES;
				CLANG_WARN_INT_CONVERSION = YES;
				CLANG_WARN_NON_LITERAL_NULL_CONVERSION = YES;
				CLANG_WARN_OBJC_IMPLICIT_RETAIN_SELF = YES;
				CLANG_WARN_OBJC_LITERAL_CONVERSION = YES;
				CLANG_WARN_OBJC_ROOT_CLASS = YES_ERROR;
				CLANG_WARN_QUOTED_INCLUDE_IN_FRAMEWORK_HEADER = YES;
				CLANG_WARN_RANGE_LOOP_ANALYSIS = YES;
				CLANG_WARN_STRICT_PROTOTYPES = YES;
				CLANG_WARN_SUSPICIOUS_MOVE = YES;
				CLANG_WARN_UNGUARDED_AVAILABILITY = YES_AGGRESSIVE;
				CLANG_WARN_UNREACHABLE_CODE = YES;
				CLANG_WARN__DUPLICATE_METHOD_MATCH = YES;
				COPY_PHASE_STRIP = NO;
				DEBUG_INFORMATION_FORMAT = "dwarf-with-dsym";
				ENABLE_NS_ASSERTIONS = NO;
				ENABLE_STRICT_OBJC_MSGSEND = YES;
				GCC_C_LANGUAGE_STANDARD = gnu11;
				GCC_NO_COMMON_BLOCKS = YES;
				GCC_WARN_64_TO_32_BIT_CONVERSION = YES;
				GCC_WARN_ABOUT_RETURN_TYPE = YES_ERROR;
				GCC_WARN_UNDECLARED_SELECTOR = YES;
				GCC_WARN_UNINITIALIZED_AUTOS = YES_AGGRESSIVE;
				GCC_WARN_UNUSED_FUNCTION = YES;
				GCC_WARN_UNUSED_VARIABLE = YES;
				IPHONEOS_DEPLOYMENT_TARGET = 16.4;
				MTL_ENABLE_DEBUG_INFO = NO;
				MTL_FAST_MATH = YES;
				SDKROOT = iphoneos;
				SWIFT_COMPILATION_MODE = wholemodule;
				SWIFT_OPTIMIZATION_LEVEL = "-O";
				VALIDATE_PRODUCT = YES;
			};
			name = Release;
		};
		8DD9FBB02A0F9C9800197D99 /* Debug */ = {
			isa = XCBuildConfiguration;
			buildSettings = {
				ASSETCATALOG_COMPILER_APPICON_NAME = AppIcon;
				ASSETCATALOG_COMPILER_GLOBAL_ACCENT_COLOR_NAME = AccentColor;
				CODE_SIGN_STYLE = Automatic;
				CURRENT_PROJECT_VERSION = 1;
				DEVELOPMENT_ASSET_PATHS = "\"InstagramClone/Preview Content\"";
				DEVELOPMENT_TEAM = H4RJQKYBP9;
				ENABLE_PREVIEWS = YES;
				GENERATE_INFOPLIST_FILE = YES;
				INFOPLIST_KEY_UIApplicationSceneManifest_Generation = YES;
				INFOPLIST_KEY_UIApplicationSupportsIndirectInputEvents = YES;
				INFOPLIST_KEY_UILaunchScreen_Generation = YES;
				INFOPLIST_KEY_UISupportedInterfaceOrientations_iPad = "UIInterfaceOrientationPortrait UIInterfaceOrientationPortraitUpsideDown UIInterfaceOrientationLandscapeLeft UIInterfaceOrientationLandscapeRight";
				INFOPLIST_KEY_UISupportedInterfaceOrientations_iPhone = "UIInterfaceOrientationPortrait UIInterfaceOrientationLandscapeLeft UIInterfaceOrientationLandscapeRight";
				LD_RUNPATH_SEARCH_PATHS = (
					"$(inherited)",
					"@executable_path/Frameworks",
				);
				MARKETING_VERSION = 1.0;
				PRODUCT_BUNDLE_IDENTIFIER = self.edu.InstagramClone;
				PRODUCT_NAME = "$(TARGET_NAME)";
				SWIFT_EMIT_LOC_STRINGS = YES;
				SWIFT_VERSION = 5.0;
				TARGETED_DEVICE_FAMILY = "1,2";
			};
			name = Debug;
		};
		8DD9FBB12A0F9C9800197D99 /* Release */ = {
			isa = XCBuildConfiguration;
			buildSettings = {
				ASSETCATALOG_COMPILER_APPICON_NAME = AppIcon;
				ASSETCATALOG_COMPILER_GLOBAL_ACCENT_COLOR_NAME = AccentColor;
				CODE_SIGN_STYLE = Automatic;
				CURRENT_PROJECT_VERSION = 1;
				DEVELOPMENT_ASSET_PATHS = "\"InstagramClone/Preview Content\"";
				DEVELOPMENT_TEAM = H4RJQKYBP9;
				ENABLE_PREVIEWS = YES;
				GENERATE_INFOPLIST_FILE = YES;
				INFOPLIST_KEY_UIApplicationSceneManifest_Generation = YES;
				INFOPLIST_KEY_UIApplicationSupportsIndirectInputEvents = YES;
				INFOPLIST_KEY_UILaunchScreen_Generation = YES;
				INFOPLIST_KEY_UISupportedInterfaceOrientations_iPad = "UIInterfaceOrientationPortrait UIInterfaceOrientationPortraitUpsideDown UIInterfaceOrientationLandscapeLeft UIInterfaceOrientationLandscapeRight";
				INFOPLIST_KEY_UISupportedInterfaceOrientations_iPhone = "UIInterfaceOrientationPortrait UIInterfaceOrientationLandscapeLeft UIInterfaceOrientationLandscapeRight";
				LD_RUNPATH_SEARCH_PATHS = (
					"$(inherited)",
					"@executable_path/Frameworks",
				);
				MARKETING_VERSION = 1.0;
				PRODUCT_BUNDLE_IDENTIFIER = self.edu.InstagramClone;
				PRODUCT_NAME = "$(TARGET_NAME)";
				SWIFT_EMIT_LOC_STRINGS = YES;
				SWIFT_VERSION = 5.0;
				TARGETED_DEVICE_FAMILY = "1,2";
			};
			name = Release;
		};
/* End XCBuildConfiguration section */

/* Begin XCConfigurationList section */
		8DD9FB9C2A0F9C9600197D99 /* Build configuration list for PBXProject "InstagramClone" */ = {
			isa = XCConfigurationList;
			buildConfigurations = (
				8DD9FBAD2A0F9C9800197D99 /* Debug */,
				8DD9FBAE2A0F9C9800197D99 /* Release */,
			);
			defaultConfigurationIsVisible = 0;
			defaultConfigurationName = Release;
		};
		8DD9FBAF2A0F9C9800197D99 /* Build configuration list for PBXNativeTarget "InstagramClone" */ = {
			isa = XCConfigurationList;
			buildConfigurations = (
				8DD9FBB02A0F9C9800197D99 /* Debug */,
				8DD9FBB12A0F9C9800197D99 /* Release */,
			);
			defaultConfigurationIsVisible = 0;
			defaultConfigurationName = Release;
		};
/* End XCConfigurationList section */
	};
	rootObject = 8DD9FB992A0F9C9600197D99 /* Project object */;
}
